
Microsoft Visual Studio Solution File, Format Version 12.00
# Visual Studio 14
VisualStudioVersion = 14.0.24720.0
MinimumVisualStudioVersion = 10.0.40219.1
Project("{FAE04EC0-301F-11D3-BF4B-00C04F79EFBC}") = "OOP_example", "OOP_example\OOP_example.csproj", "{678DAF52-991C-4066-A0B7-74B6E4E0209A}"
EndProject
Project("{FAE04EC0-301F-11D3-BF4B-00C04F79EFBC}") = "SecondConsoleApp", "SecondConsoleApp\SecondConsoleApp.csproj", "{DE752865-F1A6-4FD8-B8A8-2C4C48213E09}"
EndProject
Global
	GlobalSection(SolutionConfigurationPlatforms) = preSolution
		Debug|Any CPU = Debug|Any CPU
		Release|Any CPU = Release|Any CPU
	EndGlobalSection
	GlobalSection(ProjectConfigurationPlatforms) = postSolution
		{678DAF52-991C-4066-A0B7-74B6E4E0209A}.Debug|Any CPU.ActiveCfg = Debug|Any CPU
		{678DAF52-991C-4066-A0B7-74B6E4E0209A}.Debug|Any CPU.Build.0 = Debug|Any CPU
		{678DAF52-991C-4066-A0B7-74B6E4E0209A}.Release|Any CPU.ActiveCfg = Release|Any CPU
		{678DAF52-991C-4066-A0B7-74B6E4E0209A}.Release|Any CPU.Build.0 = Release|Any CPU
		{DE752865-F1A6-4FD8-B8A8-2C4C48213E09}.Debug|Any CPU.ActiveCfg = Debug|Any CPU
		{DE752865-F1A6-4FD8-B8A8-2C4C48213E09}.Debug|Any CPU.Build.0 = Debug|Any CPU
		{DE752865-F1A6-4FD8-B8A8-2C4C48213E09}.Release|Any CPU.ActiveCfg = Release|Any CPU
		{DE752865-F1A6-4FD8-B8A8-2C4C48213E09}.Release|Any CPU.Build.0 = Release|Any CPU
	EndGlobalSection
	GlobalSection(SolutionProperties) = preSolution
		HideSolutionNode = FALSE
	EndGlobalSection
EndGlobal
